
Microsoft Visual Studio Solution File, Format Version 12.00
# Visual Studio Version 16
VisualStudioVersion = 16.0.31112.23
MinimumVisualStudioVersion = 10.0.40219.1
Project("{8BC9CEB8-8B4A-11D0-8D11-00A0C91BC942}") = "CalcPromat", "CalcPromat.vcxproj", "{BB42C5E8-F5AB-4C25-9760-C6491C1068E4}"
EndProject
Global
	GlobalSection(SolutionConfigurationPlatforms) = preSolution
		Debug|ARM = Debug|ARM
		Debug|ARM64 = Debug|ARM64
		Debug|x64 = Debug|x64
		Debug|x86 = Debug|x86
		Release|ARM = Release|ARM
		Release|ARM64 = Release|ARM64
		Release|x64 = Release|x64
		Release|x86 = Release|x86
	EndGlobalSection
	GlobalSection(ProjectConfigurationPlatforms) = postSolution
		{BB42C5E8-F5AB-4C25-9760-C6491C1068E4}.Debug|ARM.ActiveCfg = Debug|Win32
		{BB42C5E8-F5AB-4C25-9760-C6491C1068E4}.Debug|ARM.Build.0 = Debug|Win32
		{BB42C5E8-F5AB-4C25-9760-C6491C1068E4}.Debug|ARM64.ActiveCfg = Debug|ARM64
		{BB42C5E8-F5AB-4C25-9760-C6491C1068E4}.Debug|ARM64.Build.0 = Debug|ARM64
		{BB42C5E8-F5AB-4C25-9760-C6491C1068E4}.Debug|x64.ActiveCfg = Debug|x64
		{BB42C5E8-F5AB-4C25-9760-C6491C1068E4}.Debug|x64.Build.0 = Debug|x64
		{BB42C5E8-F5AB-4C25-9760-C6491C1068E4}.Debug|x86.ActiveCfg = Debug|Win32
		{BB42C5E8-F5AB-4C25-9760-C6491C1068E4}.Debug|x86.Build.0 = Debug|Win32
		{BB42C5E8-F5AB-4C25-9760-C6491C1068E4}.Release|ARM.ActiveCfg = Release|ARM
		{BB42C5E8-F5AB-4C25-9760-C6491C1068E4}.Release|ARM.Build.0 = Release|ARM
		{BB42C5E8-F5AB-4C25-9760-C6491C1068E4}.Release|ARM64.ActiveCfg = Release|ARM64
		{BB42C5E8-F5AB-4C25-9760-C6491C1068E4}.Release|ARM64.Build.0 = Release|ARM64
		{BB42C5E8-F5AB-4C25-9760-C6491C1068E4}.Release|x64.ActiveCfg = Release|x64
		{BB42C5E8-F5AB-4C25-9760-C6491C1068E4}.Release|x64.Build.0 = Release|x64
		{BB42C5E8-F5AB-4C25-9760-C6491C1068E4}.Release|x86.ActiveCfg = Release|Win32
		{BB42C5E8-F5AB-4C25-9760-C6491C1068E4}.Release|x86.Build.0 = Release|Win32
	EndGlobalSection
	GlobalSection(SolutionProperties) = preSolution
		HideSolutionNode = FALSE
	EndGlobalSection
	GlobalSection(ExtensibilityGlobals) = postSolution
		SolutionGuid = {47010E3E-9D0E-4763-8389-A072B44FB8FD}
	EndGlobalSection
EndGlobal
